
Microsoft Visual Studio Solution File, Format Version 12.00
# Visual Studio Version 16
VisualStudioVersion = 16.0.29519.87
MinimumVisualStudioVersion = 10.0.40219.1
Project("{FAE04EC0-301F-11D3-BF4B-00C04F79EFBC}") = "AzureWebJobCore", "AzureWebJobCore\AzureWebJobCore.csproj", "{2A73B33B-A9B0-4D7C-B5B6-48C417DD4339}"
EndProject
Global
	GlobalSection(SolutionConfigurationPlatforms) = preSolution
		Debug|Any CPU = Debug|Any CPU
		Release|Any CPU = Release|Any CPU
	EndGlobalSection
	GlobalSection(ProjectConfigurationPlatforms) = postSolution
		{2A73B33B-A9B0-4D7C-B5B6-48C417DD4339}.Debug|Any CPU.ActiveCfg = Debug|Any CPU
		{2A73B33B-A9B0-4D7C-B5B6-48C417DD4339}.Debug|Any CPU.Build.0 = Debug|Any CPU
		{2A73B33B-A9B0-4D7C-B5B6-48C417DD4339}.Release|Any CPU.ActiveCfg = Release|Any CPU
		{2A73B33B-A9B0-4D7C-B5B6-48C417DD4339}.Release|Any CPU.Build.0 = Release|Any CPU
	EndGlobalSection
	GlobalSection(SolutionProperties) = preSolution
		HideSolutionNode = FALSE
	EndGlobalSection
	GlobalSection(ExtensibilityGlobals) = postSolution
		SolutionGuid = {C345E3A3-5F5E-4A90-8576-369E0F67CF0E}
	EndGlobalSection
EndGlobal
